
Microsoft Visual Studio Solution File, Format Version 12.00
# Visual Studio Version 16
VisualStudioVersion = 16.0.32126.315
MinimumVisualStudioVersion = 10.0.40219.1
Project("{9A19103F-16F7-4668-BE54-9A1E7A4F7556}") = "Template.Web", "Template.Web\Template.Web.csproj", "{42CE6094-B455-4D21-AD89-53F525850123}"
EndProject
Project("{9A19103F-16F7-4668-BE54-9A1E7A4F7556}") = "Template.Model", "Template.Model\Template.Model.csproj", "{7BE1E4BC-079F-46BC-93C9-B869519A7FD1}"
EndProject
Project("{FAE04EC0-301F-11D3-BF4B-00C04F79EFBC}") = "Template.Util", "Template.Util\Template.Util.csproj", "{00782436-B443-4561-BC92-299C2C73350F}"
EndProject
Global
	GlobalSection(SolutionConfigurationPlatforms) = preSolution
		Debug|Any CPU = Debug|Any CPU
		Release|Any CPU = Release|Any CPU
	EndGlobalSection
	GlobalSection(ProjectConfigurationPlatforms) = postSolution
		{42CE6094-B455-4D21-AD89-53F525850123}.Debug|Any CPU.ActiveCfg = Debug|Any CPU
		{42CE6094-B455-4D21-AD89-53F525850123}.Debug|Any CPU.Build.0 = Debug|Any CPU
		{42CE6094-B455-4D21-AD89-53F525850123}.Release|Any CPU.ActiveCfg = Release|Any CPU
		{42CE6094-B455-4D21-AD89-53F525850123}.Release|Any CPU.Build.0 = Release|Any CPU
		{7BE1E4BC-079F-46BC-93C9-B869519A7FD1}.Debug|Any CPU.ActiveCfg = Debug|Any CPU
		{7BE1E4BC-079F-46BC-93C9-B869519A7FD1}.Debug|Any CPU.Build.0 = Debug|Any CPU
		{7BE1E4BC-079F-46BC-93C9-B869519A7FD1}.Release|Any CPU.ActiveCfg = Release|Any CPU
		{7BE1E4BC-079F-46BC-93C9-B869519A7FD1}.Release|Any CPU.Build.0 = Release|Any CPU
		{00782436-B443-4561-BC92-299C2C73350F}.Debug|Any CPU.ActiveCfg = Debug|Any CPU
		{00782436-B443-4561-BC92-299C2C73350F}.Debug|Any CPU.Build.0 = Debug|Any CPU
		{00782436-B443-4561-BC92-299C2C73350F}.Release|Any CPU.ActiveCfg = Release|Any CPU
		{00782436-B443-4561-BC92-299C2C73350F}.Release|Any CPU.Build.0 = Release|Any CPU
	EndGlobalSection
	GlobalSection(SolutionProperties) = preSolution
		HideSolutionNode = FALSE
	EndGlobalSection
	GlobalSection(ExtensibilityGlobals) = postSolution
		SolutionGuid = {C7B3F02D-54D3-4335-8642-32011C12ACEE}
	EndGlobalSection
EndGlobal
